
Microsoft Visual Studio Solution File, Format Version 12.00
# Visual Studio Version 17
VisualStudioVersion = 17.7.34202.233
MinimumVisualStudioVersion = 10.0.40219.1
Project("{FAE04EC0-301F-11D3-BF4B-00C04F79EFBC}") = "The_Equation", "The_Equation.csproj", "{91829843-E1C9-4D57-B40D-14888F80BCF8}"
EndProject
Global
	GlobalSection(SolutionConfigurationPlatforms) = preSolution
		Debug|Any CPU = Debug|Any CPU
		Release|Any CPU = Release|Any CPU
	EndGlobalSection
	GlobalSection(ProjectConfigurationPlatforms) = postSolution
		{91829843-E1C9-4D57-B40D-14888F80BCF8}.Debug|Any CPU.ActiveCfg = Debug|Any CPU
		{91829843-E1C9-4D57-B40D-14888F80BCF8}.Debug|Any CPU.Build.0 = Debug|Any CPU
		{91829843-E1C9-4D57-B40D-14888F80BCF8}.Release|Any CPU.ActiveCfg = Release|Any CPU
		{91829843-E1C9-4D57-B40D-14888F80BCF8}.Release|Any CPU.Build.0 = Release|Any CPU
	EndGlobalSection
	GlobalSection(SolutionProperties) = preSolution
		HideSolutionNode = FALSE
	EndGlobalSection
	GlobalSection(ExtensibilityGlobals) = postSolution
		SolutionGuid = {0B5E4FCF-783C-48B7-8BE6-8FD05B8B5000}
	EndGlobalSection
EndGlobal
